
Microsoft Visual Studio Solution File, Format Version 12.00
# Visual Studio 2012
Project("{FAE04EC0-301F-11D3-BF4B-00C04F79EFBC}") = "SuncorpNetwork", "SuncorpNetwork\SuncorpNetwork.csproj", "{A4FF99D7-FA02-4696-98F9-6AB0809C95F1}"
EndProject
Project("{FAE04EC0-301F-11D3-BF4B-00C04F79EFBC}") = "SuncorpNetwork.Droid", "Droid\SuncorpNetwork.Droid.csproj", "{06367115-5965-45C1-8D12-80655AD31590}"
EndProject
Project("{FAE04EC0-301F-11D3-BF4B-00C04F79EFBC}") = "SuncorpNetwork.UITests", "UITests\SuncorpNetwork.UITests.csproj", "{8C9E8D71-564F-42F2-B34E-AD1456A4D4AF}"
EndProject
Project("{FAE04EC0-301F-11D3-BF4B-00C04F79EFBC}") = "SuncorpNetworkData", "SuncorpNetworkData\SuncorpNetworkData.csproj", "{53188146-3AFE-493F-A72D-3C46E15CCD7E}"
EndProject
Global
	GlobalSection(SolutionConfigurationPlatforms) = preSolution
		Debug|Any CPU = Debug|Any CPU
		Release|Any CPU = Release|Any CPU
	EndGlobalSection
	GlobalSection(ProjectConfigurationPlatforms) = postSolution
		{06367115-5965-45C1-8D12-80655AD31590}.Debug|Any CPU.ActiveCfg = Debug|Any CPU
		{06367115-5965-45C1-8D12-80655AD31590}.Debug|Any CPU.Build.0 = Debug|Any CPU
		{06367115-5965-45C1-8D12-80655AD31590}.Release|Any CPU.ActiveCfg = Release|Any CPU
		{06367115-5965-45C1-8D12-80655AD31590}.Release|Any CPU.Build.0 = Release|Any CPU
		{53188146-3AFE-493F-A72D-3C46E15CCD7E}.Debug|Any CPU.ActiveCfg = Debug|Any CPU
		{53188146-3AFE-493F-A72D-3C46E15CCD7E}.Debug|Any CPU.Build.0 = Debug|Any CPU
		{53188146-3AFE-493F-A72D-3C46E15CCD7E}.Release|Any CPU.ActiveCfg = Release|Any CPU
		{53188146-3AFE-493F-A72D-3C46E15CCD7E}.Release|Any CPU.Build.0 = Release|Any CPU
		{8C9E8D71-564F-42F2-B34E-AD1456A4D4AF}.Debug|Any CPU.ActiveCfg = Debug|Any CPU
		{8C9E8D71-564F-42F2-B34E-AD1456A4D4AF}.Debug|Any CPU.Build.0 = Debug|Any CPU
		{8C9E8D71-564F-42F2-B34E-AD1456A4D4AF}.Release|Any CPU.ActiveCfg = Release|Any CPU
		{8C9E8D71-564F-42F2-B34E-AD1456A4D4AF}.Release|Any CPU.Build.0 = Release|Any CPU
		{A4FF99D7-FA02-4696-98F9-6AB0809C95F1}.Debug|Any CPU.ActiveCfg = Debug|Any CPU
		{A4FF99D7-FA02-4696-98F9-6AB0809C95F1}.Debug|Any CPU.Build.0 = Debug|Any CPU
		{A4FF99D7-FA02-4696-98F9-6AB0809C95F1}.Release|Any CPU.ActiveCfg = Release|Any CPU
		{A4FF99D7-FA02-4696-98F9-6AB0809C95F1}.Release|Any CPU.Build.0 = Release|Any CPU
	EndGlobalSection
EndGlobal
